
Microsoft Visual Studio Solution File, Format Version 12.00
# Visual Studio Version 16
VisualStudioVersion = 16.0.31112.23
MinimumVisualStudioVersion = 10.0.40219.1
Project("{FAE04EC0-301F-11D3-BF4B-00C04F79EFBC}") = "salary_management_system", "salary_management_system\salary_management_system.csproj", "{2788668C-D39B-4348-B507-2C4B66005F51}"
EndProject
Global
	GlobalSection(SolutionConfigurationPlatforms) = preSolution
		Debug|Any CPU = Debug|Any CPU
		Release|Any CPU = Release|Any CPU
	EndGlobalSection
	GlobalSection(ProjectConfigurationPlatforms) = postSolution
		{2788668C-D39B-4348-B507-2C4B66005F51}.Debug|Any CPU.ActiveCfg = Debug|Any CPU
		{2788668C-D39B-4348-B507-2C4B66005F51}.Debug|Any CPU.Build.0 = Debug|Any CPU
		{2788668C-D39B-4348-B507-2C4B66005F51}.Release|Any CPU.ActiveCfg = Release|Any CPU
		{2788668C-D39B-4348-B507-2C4B66005F51}.Release|Any CPU.Build.0 = Release|Any CPU
	EndGlobalSection
	GlobalSection(SolutionProperties) = preSolution
		HideSolutionNode = FALSE
	EndGlobalSection
	GlobalSection(ExtensibilityGlobals) = postSolution
		SolutionGuid = {D476BB70-A6A7-468C-AB0F-FAFC4154D377}
	EndGlobalSection
EndGlobal
